
Microsoft Visual Studio Solution File, Format Version 12.00
# Visual Studio 15
VisualStudioVersion = 15.0.26124.0
MinimumVisualStudioVersion = 15.0.26124.0
Project("{2150E333-8FDC-42A3-9474-1A3956D46DE8}") = "src", "src", "{94851B49-B420-4B6C-ACBD-8F698EE16A37}"
EndProject
Project("{FAE04EC0-301F-11D3-BF4B-00C04F79EFBC}") = "Imobilizados.API", "src\imobilizados-api\Imobilizados.API.csproj", "{308CAB79-3548-4387-BF60-5237FEE81F12}"
EndProject
Project("{FAE04EC0-301F-11D3-BF4B-00C04F79EFBC}") = "Imobilizados.Domain", "src\imobilizados-domain\Imobilizados.Domain.csproj", "{69B4B405-04B8-47CF-A953-FEADCB4AC4B0}"
EndProject
Project("{FAE04EC0-301F-11D3-BF4B-00C04F79EFBC}") = "Imobilizados.Application", "src\imobilizados-application\Imobilizados.Application.csproj", "{C42187CB-CDC3-4D6C-BA90-FA9BF38690D1}"
EndProject
Project("{2150E333-8FDC-42A3-9474-1A3956D46DE8}") = "tests", "tests", "{5D2233FE-CA0D-41F8-B23C-69A8B20930E8}"
EndProject
Project("{FAE04EC0-301F-11D3-BF4B-00C04F79EFBC}") = "Imobilizados.Application.Tests", "tests\imobilizados-application-tests\Imobilizados.Application.Tests.csproj", "{10260262-1AE8-4746-BBA8-7BE46C0C8993}"
EndProject
Project("{FAE04EC0-301F-11D3-BF4B-00C04F79EFBC}") = "Imobilizados.Infrastructure.Repository.LiteDB", "src\imobilizados-infrastructure-repository-litedb\Imobilizados.Infrastructure.Repository.LiteDB.csproj", "{3FAFCB35-9F26-4236-8E74-71A0515EFEF8}"
EndProject
Project("{FAE04EC0-301F-11D3-BF4B-00C04F79EFBC}") = "Imobilizados.Infrastructure.Repository.LiteDB.Tests", "tests\imobilizados-infrastructure-repository-litedb-tests\Imobilizados.Infrastructure.Repository.LiteDB.Tests.csproj", "{AC1CCDD7-3EFA-49DD-8A2B-A8EC6D3622D5}"
EndProject
Global
	GlobalSection(SolutionConfigurationPlatforms) = preSolution
		Debug|Any CPU = Debug|Any CPU
		Debug|x64 = Debug|x64
		Debug|x86 = Debug|x86
		Release|Any CPU = Release|Any CPU
		Release|x64 = Release|x64
		Release|x86 = Release|x86
	EndGlobalSection
	GlobalSection(SolutionProperties) = preSolution
		HideSolutionNode = FALSE
	EndGlobalSection
	GlobalSection(ProjectConfigurationPlatforms) = postSolution
		{308CAB79-3548-4387-BF60-5237FEE81F12}.Debug|Any CPU.ActiveCfg = Debug|Any CPU
		{308CAB79-3548-4387-BF60-5237FEE81F12}.Debug|Any CPU.Build.0 = Debug|Any CPU
		{308CAB79-3548-4387-BF60-5237FEE81F12}.Debug|x64.ActiveCfg = Debug|Any CPU
		{308CAB79-3548-4387-BF60-5237FEE81F12}.Debug|x64.Build.0 = Debug|Any CPU
		{308CAB79-3548-4387-BF60-5237FEE81F12}.Debug|x86.ActiveCfg = Debug|Any CPU
		{308CAB79-3548-4387-BF60-5237FEE81F12}.Debug|x86.Build.0 = Debug|Any CPU
		{308CAB79-3548-4387-BF60-5237FEE81F12}.Release|Any CPU.ActiveCfg = Release|Any CPU
		{308CAB79-3548-4387-BF60-5237FEE81F12}.Release|Any CPU.Build.0 = Release|Any CPU
		{308CAB79-3548-4387-BF60-5237FEE81F12}.Release|x64.ActiveCfg = Release|Any CPU
		{308CAB79-3548-4387-BF60-5237FEE81F12}.Release|x64.Build.0 = Release|Any CPU
		{308CAB79-3548-4387-BF60-5237FEE81F12}.Release|x86.ActiveCfg = Release|Any CPU
		{308CAB79-3548-4387-BF60-5237FEE81F12}.Release|x86.Build.0 = Release|Any CPU
		{69B4B405-04B8-47CF-A953-FEADCB4AC4B0}.Debug|Any CPU.ActiveCfg = Debug|Any CPU
		{69B4B405-04B8-47CF-A953-FEADCB4AC4B0}.Debug|Any CPU.Build.0 = Debug|Any CPU
		{69B4B405-04B8-47CF-A953-FEADCB4AC4B0}.Debug|x64.ActiveCfg = Debug|Any CPU
		{69B4B405-04B8-47CF-A953-FEADCB4AC4B0}.Debug|x64.Build.0 = Debug|Any CPU
		{69B4B405-04B8-47CF-A953-FEADCB4AC4B0}.Debug|x86.ActiveCfg = Debug|Any CPU
		{69B4B405-04B8-47CF-A953-FEADCB4AC4B0}.Debug|x86.Build.0 = Debug|Any CPU
		{69B4B405-04B8-47CF-A953-FEADCB4AC4B0}.Release|Any CPU.ActiveCfg = Release|Any CPU
		{69B4B405-04B8-47CF-A953-FEADCB4AC4B0}.Release|Any CPU.Build.0 = Release|Any CPU
		{69B4B405-04B8-47CF-A953-FEADCB4AC4B0}.Release|x64.ActiveCfg = Release|Any CPU
		{69B4B405-04B8-47CF-A953-FEADCB4AC4B0}.Release|x64.Build.0 = Release|Any CPU
		{69B4B405-04B8-47CF-A953-FEADCB4AC4B0}.Release|x86.ActiveCfg = Release|Any CPU
		{69B4B405-04B8-47CF-A953-FEADCB4AC4B0}.Release|x86.Build.0 = Release|Any CPU
		{C42187CB-CDC3-4D6C-BA90-FA9BF38690D1}.Debug|Any CPU.ActiveCfg = Debug|Any CPU
		{C42187CB-CDC3-4D6C-BA90-FA9BF38690D1}.Debug|Any CPU.Build.0 = Debug|Any CPU
		{C42187CB-CDC3-4D6C-BA90-FA9BF38690D1}.Debug|x64.ActiveCfg = Debug|Any CPU
		{C42187CB-CDC3-4D6C-BA90-FA9BF38690D1}.Debug|x64.Build.0 = Debug|Any CPU
		{C42187CB-CDC3-4D6C-BA90-FA9BF38690D1}.Debug|x86.ActiveCfg = Debug|Any CPU
		{C42187CB-CDC3-4D6C-BA90-FA9BF38690D1}.Debug|x86.Build.0 = Debug|Any CPU
		{C42187CB-CDC3-4D6C-BA90-FA9BF38690D1}.Release|Any CPU.ActiveCfg = Release|Any CPU
		{C42187CB-CDC3-4D6C-BA90-FA9BF38690D1}.Release|Any CPU.Build.0 = Release|Any CPU
		{C42187CB-CDC3-4D6C-BA90-FA9BF38690D1}.Release|x64.ActiveCfg = Release|Any CPU
		{C42187CB-CDC3-4D6C-BA90-FA9BF38690D1}.Release|x64.Build.0 = Release|Any CPU
		{C42187CB-CDC3-4D6C-BA90-FA9BF38690D1}.Release|x86.ActiveCfg = Release|Any CPU
		{C42187CB-CDC3-4D6C-BA90-FA9BF38690D1}.Release|x86.Build.0 = Release|Any CPU
		{10260262-1AE8-4746-BBA8-7BE46C0C8993}.Debug|Any CPU.ActiveCfg = Debug|Any CPU
		{10260262-1AE8-4746-BBA8-7BE46C0C8993}.Debug|Any CPU.Build.0 = Debug|Any CPU
		{10260262-1AE8-4746-BBA8-7BE46C0C8993}.Debug|x64.ActiveCfg = Debug|Any CPU
		{10260262-1AE8-4746-BBA8-7BE46C0C8993}.Debug|x64.Build.0 = Debug|Any CPU
		{10260262-1AE8-4746-BBA8-7BE46C0C8993}.Debug|x86.ActiveCfg = Debug|Any CPU
		{10260262-1AE8-4746-BBA8-7BE46C0C8993}.Debug|x86.Build.0 = Debug|Any CPU
		{10260262-1AE8-4746-BBA8-7BE46C0C8993}.Release|Any CPU.ActiveCfg = Release|Any CPU
		{10260262-1AE8-4746-BBA8-7BE46C0C8993}.Release|Any CPU.Build.0 = Release|Any CPU
		{10260262-1AE8-4746-BBA8-7BE46C0C8993}.Release|x64.ActiveCfg = Release|Any CPU
		{10260262-1AE8-4746-BBA8-7BE46C0C8993}.Release|x64.Build.0 = Release|Any CPU
		{10260262-1AE8-4746-BBA8-7BE46C0C8993}.Release|x86.ActiveCfg = Release|Any CPU
		{10260262-1AE8-4746-BBA8-7BE46C0C8993}.Release|x86.Build.0 = Release|Any CPU
		{3FAFCB35-9F26-4236-8E74-71A0515EFEF8}.Debug|Any CPU.ActiveCfg = Debug|Any CPU
		{3FAFCB35-9F26-4236-8E74-71A0515EFEF8}.Debug|Any CPU.Build.0 = Debug|Any CPU
		{3FAFCB35-9F26-4236-8E74-71A0515EFEF8}.Debug|x64.ActiveCfg = Debug|Any CPU
		{3FAFCB35-9F26-4236-8E74-71A0515EFEF8}.Debug|x64.Build.0 = Debug|Any CPU
		{3FAFCB35-9F26-4236-8E74-71A0515EFEF8}.Debug|x86.ActiveCfg = Debug|Any CPU
		{3FAFCB35-9F26-4236-8E74-71A0515EFEF8}.Debug|x86.Build.0 = Debug|Any CPU
		{3FAFCB35-9F26-4236-8E74-71A0515EFEF8}.Release|Any CPU.ActiveCfg = Release|Any CPU
		{3FAFCB35-9F26-4236-8E74-71A0515EFEF8}.Release|Any CPU.Build.0 = Release|Any CPU
		{3FAFCB35-9F26-4236-8E74-71A0515EFEF8}.Release|x64.ActiveCfg = Release|Any CPU
		{3FAFCB35-9F26-4236-8E74-71A0515EFEF8}.Release|x64.Build.0 = Release|Any CPU
		{3FAFCB35-9F26-4236-8E74-71A0515EFEF8}.Release|x86.ActiveCfg = Release|Any CPU
		{3FAFCB35-9F26-4236-8E74-71A0515EFEF8}.Release|x86.Build.0 = Release|Any CPU
		{AC1CCDD7-3EFA-49DD-8A2B-A8EC6D3622D5}.Debug|Any CPU.ActiveCfg = Debug|Any CPU
		{AC1CCDD7-3EFA-49DD-8A2B-A8EC6D3622D5}.Debug|Any CPU.Build.0 = Debug|Any CPU
		{AC1CCDD7-3EFA-49DD-8A2B-A8EC6D3622D5}.Debug|x64.ActiveCfg = Debug|Any CPU
		{AC1CCDD7-3EFA-49DD-8A2B-A8EC6D3622D5}.Debug|x64.Build.0 = Debug|Any CPU
		{AC1CCDD7-3EFA-49DD-8A2B-A8EC6D3622D5}.Debug|x86.ActiveCfg = Debug|Any CPU
		{AC1CCDD7-3EFA-49DD-8A2B-A8EC6D3622D5}.Debug|x86.Build.0 = Debug|Any CPU
		{AC1CCDD7-3EFA-49DD-8A2B-A8EC6D3622D5}.Release|Any CPU.ActiveCfg = Release|Any CPU
		{AC1CCDD7-3EFA-49DD-8A2B-A8EC6D3622D5}.Release|Any CPU.Build.0 = Release|Any CPU
		{AC1CCDD7-3EFA-49DD-8A2B-A8EC6D3622D5}.Release|x64.ActiveCfg = Release|Any CPU
		{AC1CCDD7-3EFA-49DD-8A2B-A8EC6D3622D5}.Release|x64.Build.0 = Release|Any CPU
		{AC1CCDD7-3EFA-49DD-8A2B-A8EC6D3622D5}.Release|x86.ActiveCfg = Release|Any CPU
		{AC1CCDD7-3EFA-49DD-8A2B-A8EC6D3622D5}.Release|x86.Build.0 = Release|Any CPU
	EndGlobalSection
	GlobalSection(NestedProjects) = preSolution
		{308CAB79-3548-4387-BF60-5237FEE81F12} = {94851B49-B420-4B6C-ACBD-8F698EE16A37}
		{69B4B405-04B8-47CF-A953-FEADCB4AC4B0} = {94851B49-B420-4B6C-ACBD-8F698EE16A37}
		{C42187CB-CDC3-4D6C-BA90-FA9BF38690D1} = {94851B49-B420-4B6C-ACBD-8F698EE16A37}
		{10260262-1AE8-4746-BBA8-7BE46C0C8993} = {5D2233FE-CA0D-41F8-B23C-69A8B20930E8}
		{3FAFCB35-9F26-4236-8E74-71A0515EFEF8} = {94851B49-B420-4B6C-ACBD-8F698EE16A37}
		{AC1CCDD7-3EFA-49DD-8A2B-A8EC6D3622D5} = {5D2233FE-CA0D-41F8-B23C-69A8B20930E8}
	EndGlobalSection
EndGlobal
