
Microsoft Visual Studio Solution File, Format Version 12.00
# Visual Studio 15
VisualStudioVersion = 15.0.26124.0
MinimumVisualStudioVersion = 15.0.26124.0
Project("{FAE04EC0-301F-11D3-BF4B-00C04F79EFBC}") = "Imobilizados.Test", "tests\Imobilizados.Test\Imobilizados.Test.csproj", "{EC2D6720-B1A1-4361-8975-5E3F8D59B98F}"
EndProject
Project("{FAE04EC0-301F-11D3-BF4B-00C04F79EFBC}") = "Imobilizados.WebApi", "src\Imobilizados.WebApi\Imobilizados.WebApi.csproj", "{93A575D1-D227-4B81-BB4C-53A884CF5706}"
EndProject
Project("{FAE04EC0-301F-11D3-BF4B-00C04F79EFBC}") = "Imobilizados.Repository.MongoDb", "src\Imobilizados.Infrastructure.MongoDb\Imobilizados.Infrastructure.MongoDb.csproj", "{745BFC46-8A87-4AC5-9556-5439DB96A309}"
EndProject
Project("{FAE04EC0-301F-11D3-BF4B-00C04F79EFBC}") = "Imobilizados.Domain.Repository", "src\Imobilizados.Domain.Repository\Imobilizados.Domain.Repository.csproj", "{1C49D19F-23F1-472B-8D64-14D5DAF8854A}"
EndProject
Project("{FAE04EC0-301F-11D3-BF4B-00C04F79EFBC}") = "Imobilizados.Domain.Entity", "src\Imobilizados.Domain.Entity\Imobilizados.Domain.Entity.csproj", "{76D1AD69-6585-4912-B571-6646C86DB423}"
EndProject
Project("{FAE04EC0-301F-11D3-BF4B-00C04F79EFBC}") = "Imobilizados.Application", "src\Imobilizados.Application\Imobilizados.Application.csproj", "{01297827-89D2-4058-BE66-6D2F053BD350}"
EndProject
Global
	GlobalSection(SolutionProperties) = preSolution
		HideSolutionNode = FALSE
	EndGlobalSection
	GlobalSection(SolutionConfigurationPlatforms) = preSolution
		Debug|Any CPU = Debug|Any CPU
		Debug|x64 = Debug|x64
		Debug|x86 = Debug|x86
		Release|Any CPU = Release|Any CPU
		Release|x64 = Release|x64
		Release|x86 = Release|x86
	EndGlobalSection
	GlobalSection(ProjectConfigurationPlatforms) = postSolution
		{EC2D6720-B1A1-4361-8975-5E3F8D59B98F}.Debug|Any CPU.ActiveCfg = Debug|Any CPU
		{EC2D6720-B1A1-4361-8975-5E3F8D59B98F}.Debug|Any CPU.Build.0 = Debug|Any CPU
		{EC2D6720-B1A1-4361-8975-5E3F8D59B98F}.Debug|x64.ActiveCfg = Debug|x64
		{EC2D6720-B1A1-4361-8975-5E3F8D59B98F}.Debug|x64.Build.0 = Debug|x64
		{EC2D6720-B1A1-4361-8975-5E3F8D59B98F}.Debug|x86.ActiveCfg = Debug|x86
		{EC2D6720-B1A1-4361-8975-5E3F8D59B98F}.Debug|x86.Build.0 = Debug|x86
		{EC2D6720-B1A1-4361-8975-5E3F8D59B98F}.Release|Any CPU.ActiveCfg = Release|Any CPU
		{EC2D6720-B1A1-4361-8975-5E3F8D59B98F}.Release|Any CPU.Build.0 = Release|Any CPU
		{EC2D6720-B1A1-4361-8975-5E3F8D59B98F}.Release|x64.ActiveCfg = Release|x64
		{EC2D6720-B1A1-4361-8975-5E3F8D59B98F}.Release|x64.Build.0 = Release|x64
		{EC2D6720-B1A1-4361-8975-5E3F8D59B98F}.Release|x86.ActiveCfg = Release|x86
		{EC2D6720-B1A1-4361-8975-5E3F8D59B98F}.Release|x86.Build.0 = Release|x86
		{93A575D1-D227-4B81-BB4C-53A884CF5706}.Debug|Any CPU.ActiveCfg = Debug|Any CPU
		{93A575D1-D227-4B81-BB4C-53A884CF5706}.Debug|Any CPU.Build.0 = Debug|Any CPU
		{93A575D1-D227-4B81-BB4C-53A884CF5706}.Debug|x64.ActiveCfg = Debug|x64
		{93A575D1-D227-4B81-BB4C-53A884CF5706}.Debug|x64.Build.0 = Debug|x64
		{93A575D1-D227-4B81-BB4C-53A884CF5706}.Debug|x86.ActiveCfg = Debug|x86
		{93A575D1-D227-4B81-BB4C-53A884CF5706}.Debug|x86.Build.0 = Debug|x86
		{93A575D1-D227-4B81-BB4C-53A884CF5706}.Release|Any CPU.ActiveCfg = Release|Any CPU
		{93A575D1-D227-4B81-BB4C-53A884CF5706}.Release|Any CPU.Build.0 = Release|Any CPU
		{93A575D1-D227-4B81-BB4C-53A884CF5706}.Release|x64.ActiveCfg = Release|x64
		{93A575D1-D227-4B81-BB4C-53A884CF5706}.Release|x64.Build.0 = Release|x64
		{93A575D1-D227-4B81-BB4C-53A884CF5706}.Release|x86.ActiveCfg = Release|x86
		{93A575D1-D227-4B81-BB4C-53A884CF5706}.Release|x86.Build.0 = Release|x86
		{745BFC46-8A87-4AC5-9556-5439DB96A309}.Debug|Any CPU.ActiveCfg = Debug|Any CPU
		{745BFC46-8A87-4AC5-9556-5439DB96A309}.Debug|Any CPU.Build.0 = Debug|Any CPU
		{745BFC46-8A87-4AC5-9556-5439DB96A309}.Debug|x64.ActiveCfg = Debug|x64
		{745BFC46-8A87-4AC5-9556-5439DB96A309}.Debug|x64.Build.0 = Debug|x64
		{745BFC46-8A87-4AC5-9556-5439DB96A309}.Debug|x86.ActiveCfg = Debug|x86
		{745BFC46-8A87-4AC5-9556-5439DB96A309}.Debug|x86.Build.0 = Debug|x86
		{745BFC46-8A87-4AC5-9556-5439DB96A309}.Release|Any CPU.ActiveCfg = Release|Any CPU
		{745BFC46-8A87-4AC5-9556-5439DB96A309}.Release|Any CPU.Build.0 = Release|Any CPU
		{745BFC46-8A87-4AC5-9556-5439DB96A309}.Release|x64.ActiveCfg = Release|x64
		{745BFC46-8A87-4AC5-9556-5439DB96A309}.Release|x64.Build.0 = Release|x64
		{745BFC46-8A87-4AC5-9556-5439DB96A309}.Release|x86.ActiveCfg = Release|x86
		{745BFC46-8A87-4AC5-9556-5439DB96A309}.Release|x86.Build.0 = Release|x86
		{1C49D19F-23F1-472B-8D64-14D5DAF8854A}.Debug|Any CPU.ActiveCfg = Debug|Any CPU
		{1C49D19F-23F1-472B-8D64-14D5DAF8854A}.Debug|Any CPU.Build.0 = Debug|Any CPU
		{1C49D19F-23F1-472B-8D64-14D5DAF8854A}.Debug|x64.ActiveCfg = Debug|x64
		{1C49D19F-23F1-472B-8D64-14D5DAF8854A}.Debug|x64.Build.0 = Debug|x64
		{1C49D19F-23F1-472B-8D64-14D5DAF8854A}.Debug|x86.ActiveCfg = Debug|x86
		{1C49D19F-23F1-472B-8D64-14D5DAF8854A}.Debug|x86.Build.0 = Debug|x86
		{1C49D19F-23F1-472B-8D64-14D5DAF8854A}.Release|Any CPU.ActiveCfg = Release|Any CPU
		{1C49D19F-23F1-472B-8D64-14D5DAF8854A}.Release|Any CPU.Build.0 = Release|Any CPU
		{1C49D19F-23F1-472B-8D64-14D5DAF8854A}.Release|x64.ActiveCfg = Release|x64
		{1C49D19F-23F1-472B-8D64-14D5DAF8854A}.Release|x64.Build.0 = Release|x64
		{1C49D19F-23F1-472B-8D64-14D5DAF8854A}.Release|x86.ActiveCfg = Release|x86
		{1C49D19F-23F1-472B-8D64-14D5DAF8854A}.Release|x86.Build.0 = Release|x86
		{76D1AD69-6585-4912-B571-6646C86DB423}.Debug|Any CPU.ActiveCfg = Debug|Any CPU
		{76D1AD69-6585-4912-B571-6646C86DB423}.Debug|Any CPU.Build.0 = Debug|Any CPU
		{76D1AD69-6585-4912-B571-6646C86DB423}.Debug|x64.ActiveCfg = Debug|x64
		{76D1AD69-6585-4912-B571-6646C86DB423}.Debug|x64.Build.0 = Debug|x64
		{76D1AD69-6585-4912-B571-6646C86DB423}.Debug|x86.ActiveCfg = Debug|x86
		{76D1AD69-6585-4912-B571-6646C86DB423}.Debug|x86.Build.0 = Debug|x86
		{76D1AD69-6585-4912-B571-6646C86DB423}.Release|Any CPU.ActiveCfg = Release|Any CPU
		{76D1AD69-6585-4912-B571-6646C86DB423}.Release|Any CPU.Build.0 = Release|Any CPU
		{76D1AD69-6585-4912-B571-6646C86DB423}.Release|x64.ActiveCfg = Release|x64
		{76D1AD69-6585-4912-B571-6646C86DB423}.Release|x64.Build.0 = Release|x64
		{76D1AD69-6585-4912-B571-6646C86DB423}.Release|x86.ActiveCfg = Release|x86
		{76D1AD69-6585-4912-B571-6646C86DB423}.Release|x86.Build.0 = Release|x86
		{01297827-89D2-4058-BE66-6D2F053BD350}.Debug|Any CPU.ActiveCfg = Debug|Any CPU
		{01297827-89D2-4058-BE66-6D2F053BD350}.Debug|Any CPU.Build.0 = Debug|Any CPU
		{01297827-89D2-4058-BE66-6D2F053BD350}.Debug|x64.ActiveCfg = Debug|x64
		{01297827-89D2-4058-BE66-6D2F053BD350}.Debug|x64.Build.0 = Debug|x64
		{01297827-89D2-4058-BE66-6D2F053BD350}.Debug|x86.ActiveCfg = Debug|x86
		{01297827-89D2-4058-BE66-6D2F053BD350}.Debug|x86.Build.0 = Debug|x86
		{01297827-89D2-4058-BE66-6D2F053BD350}.Release|Any CPU.ActiveCfg = Release|Any CPU
		{01297827-89D2-4058-BE66-6D2F053BD350}.Release|Any CPU.Build.0 = Release|Any CPU
		{01297827-89D2-4058-BE66-6D2F053BD350}.Release|x64.ActiveCfg = Release|x64
		{01297827-89D2-4058-BE66-6D2F053BD350}.Release|x64.Build.0 = Release|x64
		{01297827-89D2-4058-BE66-6D2F053BD350}.Release|x86.ActiveCfg = Release|x86
		{01297827-89D2-4058-BE66-6D2F053BD350}.Release|x86.Build.0 = Release|x86
	EndGlobalSection
EndGlobal
